
Microsoft Visual Studio Solution File, Format Version 12.00
# Visual Studio 14
VisualStudioVersion = 14.0.25420.1
MinimumVisualStudioVersion = 10.0.40219.1
Project("{FAE04EC0-301F-11D3-BF4B-00C04F79EFBC}") = "NetSSL", "NetSSL\NetSSL.csproj", "{191AABEC-7DD4-4725-B10F-3F613D326299}"
EndProject
Project("{FAE04EC0-301F-11D3-BF4B-00C04F79EFBC}") = "NetSSL.Web", "NetSSL.Web\NetSSL.Web.csproj", "{2AA13E58-01B0-4DDD-9CC1-72E9F781BFCC}"
EndProject
Global
	GlobalSection(SolutionConfigurationPlatforms) = preSolution
		Debug|Any CPU = Debug|Any CPU
		Release|Any CPU = Release|Any CPU
	EndGlobalSection
	GlobalSection(ProjectConfigurationPlatforms) = postSolution
		{191AABEC-7DD4-4725-B10F-3F613D326299}.Debug|Any CPU.ActiveCfg = Debug|Any CPU
		{191AABEC-7DD4-4725-B10F-3F613D326299}.Debug|Any CPU.Build.0 = Debug|Any CPU
		{191AABEC-7DD4-4725-B10F-3F613D326299}.Release|Any CPU.ActiveCfg = Release|Any CPU
		{191AABEC-7DD4-4725-B10F-3F613D326299}.Release|Any CPU.Build.0 = Release|Any CPU
		{2AA13E58-01B0-4DDD-9CC1-72E9F781BFCC}.Debug|Any CPU.ActiveCfg = Debug|Any CPU
		{2AA13E58-01B0-4DDD-9CC1-72E9F781BFCC}.Debug|Any CPU.Build.0 = Debug|Any CPU
		{2AA13E58-01B0-4DDD-9CC1-72E9F781BFCC}.Release|Any CPU.ActiveCfg = Release|Any CPU
		{2AA13E58-01B0-4DDD-9CC1-72E9F781BFCC}.Release|Any CPU.Build.0 = Release|Any CPU
	EndGlobalSection
	GlobalSection(SolutionProperties) = preSolution
		HideSolutionNode = FALSE
	EndGlobalSection
EndGlobal
